
Microsoft Visual Studio Solution File, Format Version 12.00
Project("{FAE04EC0-301F-11D3-BF4B-00C04F79EFBC}") = "clipboard", "clipboard\clipboard.csproj", "{546C0047-50A7-4B98-96B4-BD0ED89FD634}"
EndProject
Project("{FAE04EC0-301F-11D3-BF4B-00C04F79EFBC}") = "password-classifier", "password-classifier\password-classifier.csproj", "{8AE9B9D3-2862-4BB9-83A3-04F0B7EC2B87}"
EndProject
Global
	GlobalSection(SolutionConfigurationPlatforms) = preSolution
		Debug|Any CPU = Debug|Any CPU
		Release|Any CPU = Release|Any CPU
	EndGlobalSection
	GlobalSection(ProjectConfigurationPlatforms) = postSolution
		{546C0047-50A7-4B98-96B4-BD0ED89FD634}.Debug|Any CPU.ActiveCfg = Debug|Any CPU
		{546C0047-50A7-4B98-96B4-BD0ED89FD634}.Debug|Any CPU.Build.0 = Debug|Any CPU
		{546C0047-50A7-4B98-96B4-BD0ED89FD634}.Release|Any CPU.ActiveCfg = Release|Any CPU
		{546C0047-50A7-4B98-96B4-BD0ED89FD634}.Release|Any CPU.Build.0 = Release|Any CPU
		{8AE9B9D3-2862-4BB9-83A3-04F0B7EC2B87}.Debug|Any CPU.ActiveCfg = Debug|Any CPU
		{8AE9B9D3-2862-4BB9-83A3-04F0B7EC2B87}.Debug|Any CPU.Build.0 = Debug|Any CPU
		{8AE9B9D3-2862-4BB9-83A3-04F0B7EC2B87}.Release|Any CPU.ActiveCfg = Release|Any CPU
		{8AE9B9D3-2862-4BB9-83A3-04F0B7EC2B87}.Release|Any CPU.Build.0 = Release|Any CPU
	EndGlobalSection
EndGlobal
